
Microsoft Visual Studio Solution File, Format Version 12.00
# Visual Studio Version 17
VisualStudioVersion = 17.6.33829.357
MinimumVisualStudioVersion = 10.0.40219.1
Project("{FAE04EC0-301F-11D3-BF4B-00C04F79EFBC}") = "rare", "rare.csproj", "{55DB708D-AD35-44EE-B07F-952603C639A5}"
EndProject
Global
	GlobalSection(SolutionConfigurationPlatforms) = preSolution
		Debug|Any CPU = Debug|Any CPU
		Release|Any CPU = Release|Any CPU
	EndGlobalSection
	GlobalSection(ProjectConfigurationPlatforms) = postSolution
		{55DB708D-AD35-44EE-B07F-952603C639A5}.Debug|Any CPU.ActiveCfg = Debug|Any CPU
		{55DB708D-AD35-44EE-B07F-952603C639A5}.Debug|Any CPU.Build.0 = Debug|Any CPU
		{55DB708D-AD35-44EE-B07F-952603C639A5}.Release|Any CPU.ActiveCfg = Release|Any CPU
		{55DB708D-AD35-44EE-B07F-952603C639A5}.Release|Any CPU.Build.0 = Release|Any CPU
	EndGlobalSection
	GlobalSection(SolutionProperties) = preSolution
		HideSolutionNode = FALSE
	EndGlobalSection
	GlobalSection(ExtensibilityGlobals) = postSolution
		SolutionGuid = {F7554975-3198-49C9-83FB-5F8E7B05F46D}
	EndGlobalSection
EndGlobal
